
Microsoft Visual Studio Solution File, Format Version 12.00
# Visual Studio 15
VisualStudioVersion = 15.0.28010.2036
MinimumVisualStudioVersion = 10.0.40219.1
Project("{888888A0-9F3D-457C-B088-3A5042F75D52}") = "pywinrt_tests", "pywinrt_tests.pyproj", "{2F7D2B79-7C89-4D2A-8A2F-61EDE0E4B4F3}"
EndProject
Global
	GlobalSection(SolutionConfigurationPlatforms) = preSolution
		Debug|Any CPU = Debug|Any CPU
		Release|Any CPU = Release|Any CPU
	EndGlobalSection
	GlobalSection(ProjectConfigurationPlatforms) = postSolution
		{2F7D2B79-7C89-4D2A-8A2F-61EDE0E4B4F3}.Debug|Any CPU.ActiveCfg = Debug|Any CPU
		{2F7D2B79-7C89-4D2A-8A2F-61EDE0E4B4F3}.Release|Any CPU.ActiveCfg = Release|Any CPU
	EndGlobalSection
	GlobalSection(SolutionProperties) = preSolution
		HideSolutionNode = FALSE
	EndGlobalSection
	GlobalSection(ExtensibilityGlobals) = postSolution
		SolutionGuid = {8A42BD6A-B5FD-410A-9A6E-CEB524955F6E}
	EndGlobalSection
EndGlobal
